
Microsoft Visual Studio Solution File, Format Version 12.00
# Visual Studio Version 16
VisualStudioVersion = 16.0.31424.327
MinimumVisualStudioVersion = 10.0.40219.1
Project("{FAE04EC0-301F-11D3-BF4B-00C04F79EFBC}") = "Calculador Volume do Cilindro", "Calculador Volume do Cilindro\Calculador Volume do Cilindro.csproj", "{939236B9-6FE3-4C34-961F-06DA1FD3F1F6}"
EndProject
Project("{2150E333-8FDC-42A3-9474-1A3956D46DE8}") = "Solution Items", "Solution Items", "{67B32240-B420-47AA-A69A-64DB2E80329D}"
	ProjectSection(SolutionItems) = preProject
		.editorconfig = .editorconfig
	EndProjectSection
EndProject
Global
	GlobalSection(SolutionConfigurationPlatforms) = preSolution
		Debug|Any CPU = Debug|Any CPU
		Release|Any CPU = Release|Any CPU
	EndGlobalSection
	GlobalSection(ProjectConfigurationPlatforms) = postSolution
		{939236B9-6FE3-4C34-961F-06DA1FD3F1F6}.Debug|Any CPU.ActiveCfg = Debug|Any CPU
		{939236B9-6FE3-4C34-961F-06DA1FD3F1F6}.Debug|Any CPU.Build.0 = Debug|Any CPU
		{939236B9-6FE3-4C34-961F-06DA1FD3F1F6}.Release|Any CPU.ActiveCfg = Release|Any CPU
		{939236B9-6FE3-4C34-961F-06DA1FD3F1F6}.Release|Any CPU.Build.0 = Release|Any CPU
	EndGlobalSection
	GlobalSection(SolutionProperties) = preSolution
		HideSolutionNode = FALSE
	EndGlobalSection
	GlobalSection(ExtensibilityGlobals) = postSolution
		SolutionGuid = {888A1FB6-0936-47B0-9396-505C553DE43A}
	EndGlobalSection
EndGlobal
